{
  "originHash" : "1b86b72a91066a93e8fa454cc86d21bf5ea53319d78fe4b9c9df07e8d9cb3c7a",
  "pins" : [
    {
      "identity" : "veriph-one-sdk-ios",
      "kind" : "remoteSourceControl",
      "location" : "https://github.com/Veriph-One/veriph-one-sdk-ios",
      "state" : {
        "revision" : "7b7ab3c0b8f92830f514db72ecb59e3e915a951f",
        "version" : "1.1.0"
      }
    }
  ],
  "version" : 3
}
